
Microsoft Visual Studio Solution File, Format Version 12.00
# Visual Studio 2017
Project("{FAE04EC0-301F-11D3-BF4B-00C04F79EFBC}") = "PolarithTest", "PolarithTest.csproj", "{2D6727A3-44C0-30A7-FB61-D59984C1836B}"
EndProject
Project("{FAE04EC0-301F-11D3-BF4B-00C04F79EFBC}") = "PolarithTest.Editor", "PolarithTest.Editor.csproj", "{EAD3C3C6-0B82-0B46-8711-5CF40125D5C7}"
EndProject
Global
	GlobalSection(SolutionConfigurationPlatforms) = preSolution
		Debug|Any CPU = Debug|Any CPU
		Release|Any CPU = Release|Any CPU
	EndGlobalSection
	GlobalSection(ProjectConfigurationPlatforms) = postSolution
		{2D6727A3-44C0-30A7-FB61-D59984C1836B}.Debug|Any CPU.ActiveCfg = Debug|Any CPU
		{2D6727A3-44C0-30A7-FB61-D59984C1836B}.Debug|Any CPU.Build.0 = Debug|Any CPU
		{2D6727A3-44C0-30A7-FB61-D59984C1836B}.Release|Any CPU.ActiveCfg = Release|Any CPU
		{2D6727A3-44C0-30A7-FB61-D59984C1836B}.Release|Any CPU.Build.0 = Release|Any CPU
		{EAD3C3C6-0B82-0B46-8711-5CF40125D5C7}.Debug|Any CPU.ActiveCfg = Debug|Any CPU
		{EAD3C3C6-0B82-0B46-8711-5CF40125D5C7}.Debug|Any CPU.Build.0 = Debug|Any CPU
		{EAD3C3C6-0B82-0B46-8711-5CF40125D5C7}.Release|Any CPU.ActiveCfg = Release|Any CPU
		{EAD3C3C6-0B82-0B46-8711-5CF40125D5C7}.Release|Any CPU.Build.0 = Release|Any CPU
	EndGlobalSection
	GlobalSection(SolutionProperties) = preSolution
		HideSolutionNode = FALSE
	EndGlobalSection
EndGlobal
